{
  "object": {
    "pins": [
      {
        "package": "Endianness",
        "repositoryURL": "https://github.com/kojirou1994/Endianness.git",
        "state": {
          "branch": null,
          "revision": "286574d4393c2d68e1791a520b7af8fb354f983c",
          "version": "1.1.0"
        }
      }
    ]
  },
  "version": 1
}
